
Microsoft Visual Studio Solution File, Format Version 12.00
# Visual Studio 15
VisualStudioVersion = 15.0.27703.2042
MinimumVisualStudioVersion = 10.0.40219.1
Project("{FAE04EC0-301F-11D3-BF4B-00C04F79EFBC}") = "MMDFilePaser", "MMDFileParser\MMDFilePaser.csproj", "{3DF05446-6065-4EBB-9BCC-075A0D91DDA0}"
EndProject
Project("{FAE04EC0-301F-11D3-BF4B-00C04F79EFBC}") = "MikuMikuFlex", "MikuMikuFlex\MikuMikuFlex.csproj", "{A04F1A52-5EFD-402A-A207-B239EA15DF55}"
EndProject
Project("{2150E333-8FDC-42A3-9474-1A3956D46DE8}") = "Samples", "Samples", "{A86591B8-E524-4D62-90B9-1A27AE19C37A}"
EndProject
Project("{FAE04EC0-301F-11D3-BF4B-00C04F79EFBC}") = "01 3DCG用のフォームを準備する", "Samples\01 3D空間をフォームに描画させよう!\01 3DCG用のフォームを準備する.csproj", "{96BB967E-7FBA-4005-BD45-A76CA8E0C403}"
EndProject
Project("{FAE04EC0-301F-11D3-BF4B-00C04F79EFBC}") = "02 PMXモデルを描画する", "Samples\02 PMXモデルを表示しよう\02 PMXモデルを描画する.csproj", "{97BBC7EC-87F6-4FED-9FB0-5988B7380E27}"
EndProject
Project("{FAE04EC0-301F-11D3-BF4B-00C04F79EFBC}") = "03 PMXモデルにモーションを適用する", "Samples\03 PMXにモーションを適用してみよう\03 PMXモデルにモーションを適用する.csproj", "{6BA57C13-1A21-43B7-A281-224D6870F1AF}"
EndProject
Project("{FAE04EC0-301F-11D3-BF4B-00C04F79EFBC}") = "04 コードから平行移動や回転をさせる", "Samples\04 モデルをプログラムから動かす\04 コードから平行移動や回転をさせる.csproj", "{27F808FA-8EE8-4DF8-BE67-0081FE37D8A6}"
EndProject
Project("{FAE04EC0-301F-11D3-BF4B-00C04F79EFBC}") = "05 カメラモーションを使う", "Samples\05 カメラの動かし方を学ぶ\05 カメラモーションを使う.csproj", "{32D6C0EA-3416-4E5E-AF1E-6351F5E4CE6A}"
EndProject
Project("{FAE04EC0-301F-11D3-BF4B-00C04F79EFBC}") = "06 コードからボーンの移動とモーフを行う", "Samples\06 ボーンとモーフをプログラムから動かす\06 コードからボーンの移動とモーフを行う.csproj", "{2EF82AC0-A66E-4E66-895B-DD82B4E54BCF}"
EndProject
Project("{FAE04EC0-301F-11D3-BF4B-00C04F79EFBC}") = "08 複数のウィンドウに描画する", "Samples\08 複数画面の描画\08 複数のウィンドウに描画する.csproj", "{1DDB1676-D617-45AF-9591-458F771EB862}"
EndProject
Project("{FAE04EC0-301F-11D3-BF4B-00C04F79EFBC}") = "09 ユーザコントロール上に3DCGを描画する", "Samples\09 3DCG画面をボタンなどと共存させる\09 ユーザコントロール上に3DCGを描画する.csproj", "{4A946BF6-EB25-4117-8929-CE59465307AF}"
EndProject
Project("{2150E333-8FDC-42A3-9474-1A3956D46DE8}") = "Solution Items", "Solution Items", "{61EB202A-D769-456C-BB9B-90D52FAFA5D5}"
	ProjectSection(SolutionItems) = preProject
		NuGet.Config = NuGet.Config
		README.md = README.md
	EndProjectSection
EndProject
Project("{FAE04EC0-301F-11D3-BF4B-00C04F79EFBC}") = "ニコニ立体ちゃんサンプル", "Samples\ニコニ立体ちゃんサンプル\ニコニ立体ちゃんサンプル.csproj", "{45221DCF-50B5-4823-B229-77498F87DBFC}"
EndProject
Global
	GlobalSection(SolutionConfigurationPlatforms) = preSolution
		Debug|Any CPU = Debug|Any CPU
		Debug|x64 = Debug|x64
		Debug|x86 = Debug|x86
		Release|Any CPU = Release|Any CPU
		Release|x64 = Release|x64
		Release|x86 = Release|x86
	EndGlobalSection
	GlobalSection(ProjectConfigurationPlatforms) = postSolution
		{3DF05446-6065-4EBB-9BCC-075A0D91DDA0}.Debug|Any CPU.ActiveCfg = Debug|x86
		{3DF05446-6065-4EBB-9BCC-075A0D91DDA0}.Debug|x64.ActiveCfg = Debug|x64
		{3DF05446-6065-4EBB-9BCC-075A0D91DDA0}.Debug|x64.Build.0 = Debug|x64
		{3DF05446-6065-4EBB-9BCC-075A0D91DDA0}.Debug|x86.ActiveCfg = Debug|x86
		{3DF05446-6065-4EBB-9BCC-075A0D91DDA0}.Debug|x86.Build.0 = Debug|x86
		{3DF05446-6065-4EBB-9BCC-075A0D91DDA0}.Release|Any CPU.ActiveCfg = Release|x86
		{3DF05446-6065-4EBB-9BCC-075A0D91DDA0}.Release|x64.ActiveCfg = Release|x86
		{3DF05446-6065-4EBB-9BCC-075A0D91DDA0}.Release|x64.Build.0 = Release|x86
		{3DF05446-6065-4EBB-9BCC-075A0D91DDA0}.Release|x86.ActiveCfg = Release|x86
		{3DF05446-6065-4EBB-9BCC-075A0D91DDA0}.Release|x86.Build.0 = Release|x86
		{A04F1A52-5EFD-402A-A207-B239EA15DF55}.Debug|Any CPU.ActiveCfg = Debug|x86
		{A04F1A52-5EFD-402A-A207-B239EA15DF55}.Debug|x64.ActiveCfg = Debug|x64
		{A04F1A52-5EFD-402A-A207-B239EA15DF55}.Debug|x64.Build.0 = Debug|x64
		{A04F1A52-5EFD-402A-A207-B239EA15DF55}.Debug|x86.ActiveCfg = Debug|x86
		{A04F1A52-5EFD-402A-A207-B239EA15DF55}.Debug|x86.Build.0 = Debug|x86
		{A04F1A52-5EFD-402A-A207-B239EA15DF55}.Release|Any CPU.ActiveCfg = Release|x86
		{A04F1A52-5EFD-402A-A207-B239EA15DF55}.Release|x64.ActiveCfg = Release|x86
		{A04F1A52-5EFD-402A-A207-B239EA15DF55}.Release|x64.Build.0 = Release|x86
		{A04F1A52-5EFD-402A-A207-B239EA15DF55}.Release|x86.ActiveCfg = Release|x86
		{A04F1A52-5EFD-402A-A207-B239EA15DF55}.Release|x86.Build.0 = Release|x86
		{96BB967E-7FBA-4005-BD45-A76CA8E0C403}.Debug|Any CPU.ActiveCfg = Debug|x86
		{96BB967E-7FBA-4005-BD45-A76CA8E0C403}.Debug|x64.ActiveCfg = Debug|x64
		{96BB967E-7FBA-4005-BD45-A76CA8E0C403}.Debug|x64.Build.0 = Debug|x64
		{96BB967E-7FBA-4005-BD45-A76CA8E0C403}.Debug|x86.ActiveCfg = Debug|x86
		{96BB967E-7FBA-4005-BD45-A76CA8E0C403}.Debug|x86.Build.0 = Debug|x86
		{96BB967E-7FBA-4005-BD45-A76CA8E0C403}.Release|Any CPU.ActiveCfg = Release|x86
		{96BB967E-7FBA-4005-BD45-A76CA8E0C403}.Release|x64.ActiveCfg = Release|x86
		{96BB967E-7FBA-4005-BD45-A76CA8E0C403}.Release|x64.Build.0 = Release|x86
		{96BB967E-7FBA-4005-BD45-A76CA8E0C403}.Release|x86.ActiveCfg = Release|x86
		{96BB967E-7FBA-4005-BD45-A76CA8E0C403}.Release|x86.Build.0 = Release|x86
		{97BBC7EC-87F6-4FED-9FB0-5988B7380E27}.Debug|Any CPU.ActiveCfg = Debug|x86
		{97BBC7EC-87F6-4FED-9FB0-5988B7380E27}.Debug|x64.ActiveCfg = Debug|x64
		{97BBC7EC-87F6-4FED-9FB0-5988B7380E27}.Debug|x64.Build.0 = Debug|x64
		{97BBC7EC-87F6-4FED-9FB0-5988B7380E27}.Debug|x86.ActiveCfg = Debug|x86
		{97BBC7EC-87F6-4FED-9FB0-5988B7380E27}.Debug|x86.Build.0 = Debug|x86
		{97BBC7EC-87F6-4FED-9FB0-5988B7380E27}.Release|Any CPU.ActiveCfg = Release|x86
		{97BBC7EC-87F6-4FED-9FB0-5988B7380E27}.Release|x64.ActiveCfg = Release|x86
		{97BBC7EC-87F6-4FED-9FB0-5988B7380E27}.Release|x64.Build.0 = Release|x86
		{97BBC7EC-87F6-4FED-9FB0-5988B7380E27}.Release|x86.ActiveCfg = Release|x86
		{97BBC7EC-87F6-4FED-9FB0-5988B7380E27}.Release|x86.Build.0 = Release|x86
		{6BA57C13-1A21-43B7-A281-224D6870F1AF}.Debug|Any CPU.ActiveCfg = Debug|x86
		{6BA57C13-1A21-43B7-A281-224D6870F1AF}.Debug|x64.ActiveCfg = Debug|x64
		{6BA57C13-1A21-43B7-A281-224D6870F1AF}.Debug|x64.Build.0 = Debug|x64
		{6BA57C13-1A21-43B7-A281-224D6870F1AF}.Debug|x86.ActiveCfg = Debug|x86
		{6BA57C13-1A21-43B7-A281-224D6870F1AF}.Debug|x86.Build.0 = Debug|x86
		{6BA57C13-1A21-43B7-A281-224D6870F1AF}.Release|Any CPU.ActiveCfg = Release|x86
		{6BA57C13-1A21-43B7-A281-224D6870F1AF}.Release|x64.ActiveCfg = Release|x86
		{6BA57C13-1A21-43B7-A281-224D6870F1AF}.Release|x64.Build.0 = Release|x86
		{6BA57C13-1A21-43B7-A281-224D6870F1AF}.Release|x86.ActiveCfg = Release|x86
		{6BA57C13-1A21-43B7-A281-224D6870F1AF}.Release|x86.Build.0 = Release|x86
		{27F808FA-8EE8-4DF8-BE67-0081FE37D8A6}.Debug|Any CPU.ActiveCfg = Debug|x86
		{27F808FA-8EE8-4DF8-BE67-0081FE37D8A6}.Debug|x64.ActiveCfg = Debug|x64
		{27F808FA-8EE8-4DF8-BE67-0081FE37D8A6}.Debug|x64.Build.0 = Debug|x64
		{27F808FA-8EE8-4DF8-BE67-0081FE37D8A6}.Debug|x86.ActiveCfg = Debug|x86
		{27F808FA-8EE8-4DF8-BE67-0081FE37D8A6}.Debug|x86.Build.0 = Debug|x86
		{27F808FA-8EE8-4DF8-BE67-0081FE37D8A6}.Release|Any CPU.ActiveCfg = Release|x86
		{27F808FA-8EE8-4DF8-BE67-0081FE37D8A6}.Release|x64.ActiveCfg = Release|x86
		{27F808FA-8EE8-4DF8-BE67-0081FE37D8A6}.Release|x64.Build.0 = Release|x86
		{27F808FA-8EE8-4DF8-BE67-0081FE37D8A6}.Release|x86.ActiveCfg = Release|x86
		{27F808FA-8EE8-4DF8-BE67-0081FE37D8A6}.Release|x86.Build.0 = Release|x86
		{32D6C0EA-3416-4E5E-AF1E-6351F5E4CE6A}.Debug|Any CPU.ActiveCfg = Debug|x86
		{32D6C0EA-3416-4E5E-AF1E-6351F5E4CE6A}.Debug|x64.ActiveCfg = Debug|x64
		{32D6C0EA-3416-4E5E-AF1E-6351F5E4CE6A}.Debug|x64.Build.0 = Debug|x64
		{32D6C0EA-3416-4E5E-AF1E-6351F5E4CE6A}.Debug|x86.ActiveCfg = Debug|x86
		{32D6C0EA-3416-4E5E-AF1E-6351F5E4CE6A}.Debug|x86.Build.0 = Debug|x86
		{32D6C0EA-3416-4E5E-AF1E-6351F5E4CE6A}.Release|Any CPU.ActiveCfg = Release|x86
		{32D6C0EA-3416-4E5E-AF1E-6351F5E4CE6A}.Release|x64.ActiveCfg = Release|x86
		{32D6C0EA-3416-4E5E-AF1E-6351F5E4CE6A}.Release|x64.Build.0 = Release|x86
		{32D6C0EA-3416-4E5E-AF1E-6351F5E4CE6A}.Release|x86.ActiveCfg = Release|x86
		{32D6C0EA-3416-4E5E-AF1E-6351F5E4CE6A}.Release|x86.Build.0 = Release|x86
		{2EF82AC0-A66E-4E66-895B-DD82B4E54BCF}.Debug|Any CPU.ActiveCfg = Debug|x86
		{2EF82AC0-A66E-4E66-895B-DD82B4E54BCF}.Debug|x64.ActiveCfg = Debug|x64
		{2EF82AC0-A66E-4E66-895B-DD82B4E54BCF}.Debug|x64.Build.0 = Debug|x64
		{2EF82AC0-A66E-4E66-895B-DD82B4E54BCF}.Debug|x86.ActiveCfg = Debug|x86
		{2EF82AC0-A66E-4E66-895B-DD82B4E54BCF}.Debug|x86.Build.0 = Debug|x86
		{2EF82AC0-A66E-4E66-895B-DD82B4E54BCF}.Release|Any CPU.ActiveCfg = Release|x86
		{2EF82AC0-A66E-4E66-895B-DD82B4E54BCF}.Release|x64.ActiveCfg = Release|x86
		{2EF82AC0-A66E-4E66-895B-DD82B4E54BCF}.Release|x64.Build.0 = Release|x86
		{2EF82AC0-A66E-4E66-895B-DD82B4E54BCF}.Release|x86.ActiveCfg = Release|x86
		{2EF82AC0-A66E-4E66-895B-DD82B4E54BCF}.Release|x86.Build.0 = Release|x86
		{1DDB1676-D617-45AF-9591-458F771EB862}.Debug|Any CPU.ActiveCfg = Debug|x86
		{1DDB1676-D617-45AF-9591-458F771EB862}.Debug|x64.ActiveCfg = Debug|x64
		{1DDB1676-D617-45AF-9591-458F771EB862}.Debug|x64.Build.0 = Debug|x64
		{1DDB1676-D617-45AF-9591-458F771EB862}.Debug|x86.ActiveCfg = Debug|x86
		{1DDB1676-D617-45AF-9591-458F771EB862}.Debug|x86.Build.0 = Debug|x86
		{1DDB1676-D617-45AF-9591-458F771EB862}.Release|Any CPU.ActiveCfg = Release|x86
		{1DDB1676-D617-45AF-9591-458F771EB862}.Release|x64.ActiveCfg = Release|x86
		{1DDB1676-D617-45AF-9591-458F771EB862}.Release|x64.Build.0 = Release|x86
		{1DDB1676-D617-45AF-9591-458F771EB862}.Release|x86.ActiveCfg = Release|x86
		{1DDB1676-D617-45AF-9591-458F771EB862}.Release|x86.Build.0 = Release|x86
		{4A946BF6-EB25-4117-8929-CE59465307AF}.Debug|Any CPU.ActiveCfg = Debug|x86
		{4A946BF6-EB25-4117-8929-CE59465307AF}.Debug|x64.ActiveCfg = Debug|x64
		{4A946BF6-EB25-4117-8929-CE59465307AF}.Debug|x64.Build.0 = Debug|x64
		{4A946BF6-EB25-4117-8929-CE59465307AF}.Debug|x86.ActiveCfg = Debug|x86
		{4A946BF6-EB25-4117-8929-CE59465307AF}.Debug|x86.Build.0 = Debug|x86
		{4A946BF6-EB25-4117-8929-CE59465307AF}.Release|Any CPU.ActiveCfg = Release|x86
		{4A946BF6-EB25-4117-8929-CE59465307AF}.Release|x64.ActiveCfg = Release|x86
		{4A946BF6-EB25-4117-8929-CE59465307AF}.Release|x64.Build.0 = Release|x86
		{4A946BF6-EB25-4117-8929-CE59465307AF}.Release|x86.ActiveCfg = Release|x86
		{4A946BF6-EB25-4117-8929-CE59465307AF}.Release|x86.Build.0 = Release|x86
		{45221DCF-50B5-4823-B229-77498F87DBFC}.Debug|Any CPU.ActiveCfg = Debug|Any CPU
		{45221DCF-50B5-4823-B229-77498F87DBFC}.Debug|Any CPU.Build.0 = Debug|Any CPU
		{45221DCF-50B5-4823-B229-77498F87DBFC}.Debug|x64.ActiveCfg = Debug|x64
		{45221DCF-50B5-4823-B229-77498F87DBFC}.Debug|x64.Build.0 = Debug|x64
		{45221DCF-50B5-4823-B229-77498F87DBFC}.Debug|x86.ActiveCfg = Debug|x86
		{45221DCF-50B5-4823-B229-77498F87DBFC}.Debug|x86.Build.0 = Debug|x86
		{45221DCF-50B5-4823-B229-77498F87DBFC}.Release|Any CPU.ActiveCfg = Release|Any CPU
		{45221DCF-50B5-4823-B229-77498F87DBFC}.Release|Any CPU.Build.0 = Release|Any CPU
		{45221DCF-50B5-4823-B229-77498F87DBFC}.Release|x64.ActiveCfg = Release|Any CPU
		{45221DCF-50B5-4823-B229-77498F87DBFC}.Release|x64.Build.0 = Release|Any CPU
		{45221DCF-50B5-4823-B229-77498F87DBFC}.Release|x86.ActiveCfg = Release|Any CPU
		{45221DCF-50B5-4823-B229-77498F87DBFC}.Release|x86.Build.0 = Release|Any CPU
	EndGlobalSection
	GlobalSection(SolutionProperties) = preSolution
		HideSolutionNode = FALSE
	EndGlobalSection
	GlobalSection(NestedProjects) = preSolution
		{96BB967E-7FBA-4005-BD45-A76CA8E0C403} = {A86591B8-E524-4D62-90B9-1A27AE19C37A}
		{97BBC7EC-87F6-4FED-9FB0-5988B7380E27} = {A86591B8-E524-4D62-90B9-1A27AE19C37A}
		{6BA57C13-1A21-43B7-A281-224D6870F1AF} = {A86591B8-E524-4D62-90B9-1A27AE19C37A}
		{27F808FA-8EE8-4DF8-BE67-0081FE37D8A6} = {A86591B8-E524-4D62-90B9-1A27AE19C37A}
		{32D6C0EA-3416-4E5E-AF1E-6351F5E4CE6A} = {A86591B8-E524-4D62-90B9-1A27AE19C37A}
		{2EF82AC0-A66E-4E66-895B-DD82B4E54BCF} = {A86591B8-E524-4D62-90B9-1A27AE19C37A}
		{1DDB1676-D617-45AF-9591-458F771EB862} = {A86591B8-E524-4D62-90B9-1A27AE19C37A}
		{4A946BF6-EB25-4117-8929-CE59465307AF} = {A86591B8-E524-4D62-90B9-1A27AE19C37A}
		{45221DCF-50B5-4823-B229-77498F87DBFC} = {A86591B8-E524-4D62-90B9-1A27AE19C37A}
	EndGlobalSection
	GlobalSection(ExtensibilityGlobals) = postSolution
		SolutionGuid = {F2D6A3DF-A626-46ED-9421-ED031DA39032}
	EndGlobalSection
EndGlobal
