
Microsoft Visual Studio Solution File, Format Version 12.00
# Visual Studio Version 16
VisualStudioVersion = 16.0.28729.10
MinimumVisualStudioVersion = 10.0.40219.1
Project("{2150E333-8FDC-42A3-9474-1A3956D46DE8}") = "Solution Items", "Solution Items", "{61EB202A-D769-456C-BB9B-90D52FAFA5D5}"
	ProjectSection(SolutionItems) = preProject
		NuGet.Config = NuGet.Config
		README.md = README.md
	EndProjectSection
EndProject
Project("{8BC9CEB8-8B4A-11D0-8D11-00A0C91BC942}") = "BuildShader", "BuildShader\BuildShader.vcxproj", "{30421A76-6DDC-4EE9-82C0-2BAD516521AF}"
EndProject
Project("{FAE04EC0-301F-11D3-BF4B-00C04F79EFBC}") = "MikuMikuFlex3", "MikuMikuFlex3\MikuMikuFlex3.csproj", "{6929FAAD-32C9-4958-9CCF-8BC86EF2F767}"
	ProjectSection(ProjectDependencies) = postProject
		{30421A76-6DDC-4EE9-82C0-2BAD516521AF} = {30421A76-6DDC-4EE9-82C0-2BAD516521AF}
	EndProjectSection
EndProject
Project("{2150E333-8FDC-42A3-9474-1A3956D46DE8}") = "Samples", "Samples", "{EC199155-552B-426D-88C7-C797D38E2068}"
EndProject
Project("{FAE04EC0-301F-11D3-BF4B-00C04F79EFBC}") = "ニコニ立体ちゃんサンプル", "Samples\ニコニ立体ちゃんサンプル\ニコニ立体ちゃんサンプル.csproj", "{CCD5DFC0-E001-4626-8B35-74E92D085E95}"
EndProject
Global
	GlobalSection(SolutionConfigurationPlatforms) = preSolution
		Debug|x64 = Debug|x64
		Release|x64 = Release|x64
	EndGlobalSection
	GlobalSection(ProjectConfigurationPlatforms) = postSolution
		{30421A76-6DDC-4EE9-82C0-2BAD516521AF}.Debug|x64.ActiveCfg = Debug|x64
		{30421A76-6DDC-4EE9-82C0-2BAD516521AF}.Debug|x64.Build.0 = Debug|x64
		{30421A76-6DDC-4EE9-82C0-2BAD516521AF}.Release|x64.ActiveCfg = Release|x64
		{30421A76-6DDC-4EE9-82C0-2BAD516521AF}.Release|x64.Build.0 = Release|x64
		{6929FAAD-32C9-4958-9CCF-8BC86EF2F767}.Debug|x64.ActiveCfg = Debug|x64
		{6929FAAD-32C9-4958-9CCF-8BC86EF2F767}.Debug|x64.Build.0 = Debug|x64
		{6929FAAD-32C9-4958-9CCF-8BC86EF2F767}.Release|x64.ActiveCfg = Release|x64
		{6929FAAD-32C9-4958-9CCF-8BC86EF2F767}.Release|x64.Build.0 = Release|x64
		{CCD5DFC0-E001-4626-8B35-74E92D085E95}.Debug|x64.ActiveCfg = Debug|x64
		{CCD5DFC0-E001-4626-8B35-74E92D085E95}.Debug|x64.Build.0 = Debug|x64
		{CCD5DFC0-E001-4626-8B35-74E92D085E95}.Release|x64.ActiveCfg = Release|x64
		{CCD5DFC0-E001-4626-8B35-74E92D085E95}.Release|x64.Build.0 = Release|x64
	EndGlobalSection
	GlobalSection(SolutionProperties) = preSolution
		HideSolutionNode = FALSE
	EndGlobalSection
	GlobalSection(NestedProjects) = preSolution
		{CCD5DFC0-E001-4626-8B35-74E92D085E95} = {EC199155-552B-426D-88C7-C797D38E2068}
	EndGlobalSection
	GlobalSection(ExtensibilityGlobals) = postSolution
		SolutionGuid = {F2D6A3DF-A626-46ED-9421-ED031DA39032}
	EndGlobalSection
EndGlobal
